
Microsoft Visual Studio Solution File, Format Version 12.00
# Visual Studio Version 17
VisualStudioVersion = 17.10.35027.167
MinimumVisualStudioVersion = 10.0.40219.1
Project("{FAE04EC0-301F-11D3-BF4B-00C04F79EFBC}") = "RateMyTMUCourses", "RateMyTMUCourses.csproj", "{2CEAE3EA-6684-475A-8412-33F2208DD89E}"
EndProject
Global
	GlobalSection(SolutionConfigurationPlatforms) = preSolution
		Debug|Any CPU = Debug|Any CPU
		Release|Any CPU = Release|Any CPU
	EndGlobalSection
	GlobalSection(ProjectConfigurationPlatforms) = postSolution
		{2CEAE3EA-6684-475A-8412-33F2208DD89E}.Debug|Any CPU.ActiveCfg = Debug|Any CPU
		{2CEAE3EA-6684-475A-8412-33F2208DD89E}.Debug|Any CPU.Build.0 = Debug|Any CPU
		{2CEAE3EA-6684-475A-8412-33F2208DD89E}.Release|Any CPU.ActiveCfg = Release|Any CPU
		{2CEAE3EA-6684-475A-8412-33F2208DD89E}.Release|Any CPU.Build.0 = Release|Any CPU
	EndGlobalSection
	GlobalSection(SolutionProperties) = preSolution
		HideSolutionNode = FALSE
	EndGlobalSection
	GlobalSection(ExtensibilityGlobals) = postSolution
		SolutionGuid = {76E32D47-E81E-4C42-AB63-4C61F73FBBE5}
	EndGlobalSection
EndGlobal
